
Microsoft Visual Studio Solution File, Format Version 12.00
# Visual Studio Version 16
VisualStudioVersion = 25.0.1706.9
MinimumVisualStudioVersion = 10.0.40219.1
Project("{FAE04EC0-301F-11D3-BF4B-00C04F79EFBC}") = "WebApplication_1", "WebApplication_1.csproj", "{EE6B29FF-EF7D-4026-8971-6DD309750D95}"
EndProject
Global
	GlobalSection(SolutionConfigurationPlatforms) = preSolution
		Debug|Any CPU = Debug|Any CPU
		Release|Any CPU = Release|Any CPU
	EndGlobalSection
	GlobalSection(ProjectConfigurationPlatforms) = postSolution
		{EE6B29FF-EF7D-4026-8971-6DD309750D95}.Debug|Any CPU.ActiveCfg = Debug|Any CPU
		{EE6B29FF-EF7D-4026-8971-6DD309750D95}.Debug|Any CPU.Build.0 = Debug|Any CPU
		{EE6B29FF-EF7D-4026-8971-6DD309750D95}.Release|Any CPU.ActiveCfg = Release|Any CPU
		{EE6B29FF-EF7D-4026-8971-6DD309750D95}.Release|Any CPU.Build.0 = Release|Any CPU
	EndGlobalSection
	GlobalSection(SolutionProperties) = preSolution
		HideSolutionNode = FALSE
	EndGlobalSection
	GlobalSection(ExtensibilityGlobals) = postSolution
		SolutionGuid = {8B38E785-084B-4236-BA7E-1F163034C06C}
	EndGlobalSection
EndGlobal
